
Microsoft Visual Studio Solution File, Format Version 12.00
# Visual Studio Version 17
VisualStudioVersion = 17.11.35222.181
MinimumVisualStudioVersion = 10.0.40219.1
Project("{FAE04EC0-301F-11D3-BF4B-00C04F79EFBC}") = "BankingApp", "BankingApp\BankingApp.csproj", "{2273E5FD-5D21-4032-A5BF-56D214B767FD}"
EndProject
Project("{FAE04EC0-301F-11D3-BF4B-00C04F79EFBC}") = "BankingAppUnitTesting", "BankingAppUnitTesting\BankingAppUnitTesting.csproj", "{70366596-5A48-4165-8B7C-736B3899E1F3}"
EndProject
Global
	GlobalSection(SolutionConfigurationPlatforms) = preSolution
		Debug|Any CPU = Debug|Any CPU
		Release|Any CPU = Release|Any CPU
	EndGlobalSection
	GlobalSection(ProjectConfigurationPlatforms) = postSolution
		{2273E5FD-5D21-4032-A5BF-56D214B767FD}.Debug|Any CPU.ActiveCfg = Debug|Any CPU
		{2273E5FD-5D21-4032-A5BF-56D214B767FD}.Debug|Any CPU.Build.0 = Debug|Any CPU
		{2273E5FD-5D21-4032-A5BF-56D214B767FD}.Release|Any CPU.ActiveCfg = Release|Any CPU
		{2273E5FD-5D21-4032-A5BF-56D214B767FD}.Release|Any CPU.Build.0 = Release|Any CPU
		{70366596-5A48-4165-8B7C-736B3899E1F3}.Debug|Any CPU.ActiveCfg = Debug|Any CPU
		{70366596-5A48-4165-8B7C-736B3899E1F3}.Debug|Any CPU.Build.0 = Debug|Any CPU
		{70366596-5A48-4165-8B7C-736B3899E1F3}.Release|Any CPU.ActiveCfg = Release|Any CPU
		{70366596-5A48-4165-8B7C-736B3899E1F3}.Release|Any CPU.Build.0 = Release|Any CPU
	EndGlobalSection
	GlobalSection(SolutionProperties) = preSolution
		HideSolutionNode = FALSE
	EndGlobalSection
	GlobalSection(ExtensibilityGlobals) = postSolution
		SolutionGuid = {6CD6FFEA-A189-483B-962F-6B27A5BEB8E8}
	EndGlobalSection
EndGlobal
